
Microsoft Visual Studio Solution File, Format Version 12.00
# Visual Studio Version 16
VisualStudioVersion = 16.0.30717.126
MinimumVisualStudioVersion = 10.0.40219.1
Project("{9A19103F-16F7-4668-BE54-9A1E7A4F7556}") = "DAL", "DAL\DAL.csproj", "{5CE715A7-8A08-41EE-B258-0483989B7B44}"
EndProject
Project("{9A19103F-16F7-4668-BE54-9A1E7A4F7556}") = "BAL", "BAL\BAL.csproj", "{17091E12-D875-4E6D-A273-B54180EC3BD0}"
EndProject
Project("{FAE04EC0-301F-11D3-BF4B-00C04F79EFBC}") = "Xamarin.UWP", "Xamarin\Xamarin.UWP\Xamarin.UWP.csproj", "{9346246E-3F64-4324-8271-D9D1A21E73B7}"
EndProject
Project("{FAE04EC0-301F-11D3-BF4B-00C04F79EFBC}") = "Xamarin.Android", "Xamarin\Xamarin.Android\Xamarin.Android.csproj", "{FEF78813-805C-497E-A5C8-D7EC1A0C019F}"
EndProject
Project("{FAE04EC0-301F-11D3-BF4B-00C04F79EFBC}") = "Xamarin.iOS", "Xamarin\Xamarin.iOS\Xamarin.iOS.csproj", "{DB3E681D-F099-443B-B9C8-08750E951B7C}"
EndProject
Project("{9A19103F-16F7-4668-BE54-9A1E7A4F7556}") = "Xamarin", "Xamarin\Xamarin\Xamarin.csproj", "{0765B30D-AB6C-48A4-B2F7-751B27FFE133}"
EndProject
Global
	GlobalSection(SolutionConfigurationPlatforms) = preSolution
		Debug|Any CPU = Debug|Any CPU
		Debug|ARM = Debug|ARM
		Debug|iPhone = Debug|iPhone
		Debug|iPhoneSimulator = Debug|iPhoneSimulator
		Debug|x64 = Debug|x64
		Debug|x86 = Debug|x86
		Release|Any CPU = Release|Any CPU
		Release|ARM = Release|ARM
		Release|iPhone = Release|iPhone
		Release|iPhoneSimulator = Release|iPhoneSimulator
		Release|x64 = Release|x64
		Release|x86 = Release|x86
	EndGlobalSection
	GlobalSection(ProjectConfigurationPlatforms) = postSolution
		{5CE715A7-8A08-41EE-B258-0483989B7B44}.Debug|Any CPU.ActiveCfg = Debug|Any CPU
		{5CE715A7-8A08-41EE-B258-0483989B7B44}.Debug|Any CPU.Build.0 = Debug|Any CPU
		{5CE715A7-8A08-41EE-B258-0483989B7B44}.Debug|ARM.ActiveCfg = Debug|Any CPU
		{5CE715A7-8A08-41EE-B258-0483989B7B44}.Debug|ARM.Build.0 = Debug|Any CPU
		{5CE715A7-8A08-41EE-B258-0483989B7B44}.Debug|iPhone.ActiveCfg = Debug|Any CPU
		{5CE715A7-8A08-41EE-B258-0483989B7B44}.Debug|iPhone.Build.0 = Debug|Any CPU
		{5CE715A7-8A08-41EE-B258-0483989B7B44}.Debug|iPhoneSimulator.ActiveCfg = Debug|Any CPU
		{5CE715A7-8A08-41EE-B258-0483989B7B44}.Debug|iPhoneSimulator.Build.0 = Debug|Any CPU
		{5CE715A7-8A08-41EE-B258-0483989B7B44}.Debug|x64.ActiveCfg = Debug|Any CPU
		{5CE715A7-8A08-41EE-B258-0483989B7B44}.Debug|x64.Build.0 = Debug|Any CPU
		{5CE715A7-8A08-41EE-B258-0483989B7B44}.Debug|x86.ActiveCfg = Debug|Any CPU
		{5CE715A7-8A08-41EE-B258-0483989B7B44}.Debug|x86.Build.0 = Debug|Any CPU
		{5CE715A7-8A08-41EE-B258-0483989B7B44}.Release|Any CPU.ActiveCfg = Release|Any CPU
		{5CE715A7-8A08-41EE-B258-0483989B7B44}.Release|Any CPU.Build.0 = Release|Any CPU
		{5CE715A7-8A08-41EE-B258-0483989B7B44}.Release|ARM.ActiveCfg = Release|Any CPU
		{5CE715A7-8A08-41EE-B258-0483989B7B44}.Release|ARM.Build.0 = Release|Any CPU
		{5CE715A7-8A08-41EE-B258-0483989B7B44}.Release|iPhone.ActiveCfg = Release|Any CPU
		{5CE715A7-8A08-41EE-B258-0483989B7B44}.Release|iPhone.Build.0 = Release|Any CPU
		{5CE715A7-8A08-41EE-B258-0483989B7B44}.Release|iPhoneSimulator.ActiveCfg = Release|Any CPU
		{5CE715A7-8A08-41EE-B258-0483989B7B44}.Release|iPhoneSimulator.Build.0 = Release|Any CPU
		{5CE715A7-8A08-41EE-B258-0483989B7B44}.Release|x64.ActiveCfg = Release|Any CPU
		{5CE715A7-8A08-41EE-B258-0483989B7B44}.Release|x64.Build.0 = Release|Any CPU
		{5CE715A7-8A08-41EE-B258-0483989B7B44}.Release|x86.ActiveCfg = Release|Any CPU
		{5CE715A7-8A08-41EE-B258-0483989B7B44}.Release|x86.Build.0 = Release|Any CPU
		{17091E12-D875-4E6D-A273-B54180EC3BD0}.Debug|Any CPU.ActiveCfg = Debug|Any CPU
		{17091E12-D875-4E6D-A273-B54180EC3BD0}.Debug|Any CPU.Build.0 = Debug|Any CPU
		{17091E12-D875-4E6D-A273-B54180EC3BD0}.Debug|ARM.ActiveCfg = Debug|Any CPU
		{17091E12-D875-4E6D-A273-B54180EC3BD0}.Debug|ARM.Build.0 = Debug|Any CPU
		{17091E12-D875-4E6D-A273-B54180EC3BD0}.Debug|iPhone.ActiveCfg = Debug|Any CPU
		{17091E12-D875-4E6D-A273-B54180EC3BD0}.Debug|iPhone.Build.0 = Debug|Any CPU
		{17091E12-D875-4E6D-A273-B54180EC3BD0}.Debug|iPhoneSimulator.ActiveCfg = Debug|Any CPU
		{17091E12-D875-4E6D-A273-B54180EC3BD0}.Debug|iPhoneSimulator.Build.0 = Debug|Any CPU
		{17091E12-D875-4E6D-A273-B54180EC3BD0}.Debug|x64.ActiveCfg = Debug|Any CPU
		{17091E12-D875-4E6D-A273-B54180EC3BD0}.Debug|x64.Build.0 = Debug|Any CPU
		{17091E12-D875-4E6D-A273-B54180EC3BD0}.Debug|x86.ActiveCfg = Debug|Any CPU
		{17091E12-D875-4E6D-A273-B54180EC3BD0}.Debug|x86.Build.0 = Debug|Any CPU
		{17091E12-D875-4E6D-A273-B54180EC3BD0}.Release|Any CPU.ActiveCfg = Release|Any CPU
		{17091E12-D875-4E6D-A273-B54180EC3BD0}.Release|Any CPU.Build.0 = Release|Any CPU
		{17091E12-D875-4E6D-A273-B54180EC3BD0}.Release|ARM.ActiveCfg = Release|Any CPU
		{17091E12-D875-4E6D-A273-B54180EC3BD0}.Release|ARM.Build.0 = Release|Any CPU
		{17091E12-D875-4E6D-A273-B54180EC3BD0}.Release|iPhone.ActiveCfg = Release|Any CPU
		{17091E12-D875-4E6D-A273-B54180EC3BD0}.Release|iPhone.Build.0 = Release|Any CPU
		{17091E12-D875-4E6D-A273-B54180EC3BD0}.Release|iPhoneSimulator.ActiveCfg = Release|Any CPU
		{17091E12-D875-4E6D-A273-B54180EC3BD0}.Release|iPhoneSimulator.Build.0 = Release|Any CPU
		{17091E12-D875-4E6D-A273-B54180EC3BD0}.Release|x64.ActiveCfg = Release|Any CPU
		{17091E12-D875-4E6D-A273-B54180EC3BD0}.Release|x64.Build.0 = Release|Any CPU
		{17091E12-D875-4E6D-A273-B54180EC3BD0}.Release|x86.ActiveCfg = Release|Any CPU
		{17091E12-D875-4E6D-A273-B54180EC3BD0}.Release|x86.Build.0 = Release|Any CPU
		{9346246E-3F64-4324-8271-D9D1A21E73B7}.Debug|Any CPU.ActiveCfg = Debug|x86
		{9346246E-3F64-4324-8271-D9D1A21E73B7}.Debug|ARM.ActiveCfg = Debug|ARM
		{9346246E-3F64-4324-8271-D9D1A21E73B7}.Debug|ARM.Build.0 = Debug|ARM
		{9346246E-3F64-4324-8271-D9D1A21E73B7}.Debug|ARM.Deploy.0 = Debug|ARM
		{9346246E-3F64-4324-8271-D9D1A21E73B7}.Debug|iPhone.ActiveCfg = Debug|x86
		{9346246E-3F64-4324-8271-D9D1A21E73B7}.Debug|iPhoneSimulator.ActiveCfg = Debug|x86
		{9346246E-3F64-4324-8271-D9D1A21E73B7}.Debug|x64.ActiveCfg = Debug|x64
		{9346246E-3F64-4324-8271-D9D1A21E73B7}.Debug|x64.Build.0 = Debug|x64
		{9346246E-3F64-4324-8271-D9D1A21E73B7}.Debug|x64.Deploy.0 = Debug|x64
		{9346246E-3F64-4324-8271-D9D1A21E73B7}.Debug|x86.ActiveCfg = Debug|x86
		{9346246E-3F64-4324-8271-D9D1A21E73B7}.Debug|x86.Build.0 = Debug|x86
		{9346246E-3F64-4324-8271-D9D1A21E73B7}.Debug|x86.Deploy.0 = Debug|x86
		{9346246E-3F64-4324-8271-D9D1A21E73B7}.Release|Any CPU.ActiveCfg = Release|x86
		{9346246E-3F64-4324-8271-D9D1A21E73B7}.Release|ARM.ActiveCfg = Release|ARM
		{9346246E-3F64-4324-8271-D9D1A21E73B7}.Release|ARM.Build.0 = Release|ARM
		{9346246E-3F64-4324-8271-D9D1A21E73B7}.Release|ARM.Deploy.0 = Release|ARM
		{9346246E-3F64-4324-8271-D9D1A21E73B7}.Release|iPhone.ActiveCfg = Release|x86
		{9346246E-3F64-4324-8271-D9D1A21E73B7}.Release|iPhoneSimulator.ActiveCfg = Release|x86
		{9346246E-3F64-4324-8271-D9D1A21E73B7}.Release|x64.ActiveCfg = Release|x64
		{9346246E-3F64-4324-8271-D9D1A21E73B7}.Release|x64.Build.0 = Release|x64
		{9346246E-3F64-4324-8271-D9D1A21E73B7}.Release|x64.Deploy.0 = Release|x64
		{9346246E-3F64-4324-8271-D9D1A21E73B7}.Release|x86.ActiveCfg = Release|x86
		{9346246E-3F64-4324-8271-D9D1A21E73B7}.Release|x86.Build.0 = Release|x86
		{9346246E-3F64-4324-8271-D9D1A21E73B7}.Release|x86.Deploy.0 = Release|x86
		{FEF78813-805C-497E-A5C8-D7EC1A0C019F}.Debug|Any CPU.ActiveCfg = Debug|Any CPU
		{FEF78813-805C-497E-A5C8-D7EC1A0C019F}.Debug|Any CPU.Build.0 = Debug|Any CPU
		{FEF78813-805C-497E-A5C8-D7EC1A0C019F}.Debug|Any CPU.Deploy.0 = Debug|Any CPU
		{FEF78813-805C-497E-A5C8-D7EC1A0C019F}.Debug|ARM.ActiveCfg = Debug|Any CPU
		{FEF78813-805C-497E-A5C8-D7EC1A0C019F}.Debug|ARM.Build.0 = Debug|Any CPU
		{FEF78813-805C-497E-A5C8-D7EC1A0C019F}.Debug|ARM.Deploy.0 = Debug|Any CPU
		{FEF78813-805C-497E-A5C8-D7EC1A0C019F}.Debug|iPhone.ActiveCfg = Debug|Any CPU
		{FEF78813-805C-497E-A5C8-D7EC1A0C019F}.Debug|iPhone.Build.0 = Debug|Any CPU
		{FEF78813-805C-497E-A5C8-D7EC1A0C019F}.Debug|iPhone.Deploy.0 = Debug|Any CPU
		{FEF78813-805C-497E-A5C8-D7EC1A0C019F}.Debug|iPhoneSimulator.ActiveCfg = Debug|Any CPU
		{FEF78813-805C-497E-A5C8-D7EC1A0C019F}.Debug|iPhoneSimulator.Build.0 = Debug|Any CPU
		{FEF78813-805C-497E-A5C8-D7EC1A0C019F}.Debug|iPhoneSimulator.Deploy.0 = Debug|Any CPU
		{FEF78813-805C-497E-A5C8-D7EC1A0C019F}.Debug|x64.ActiveCfg = Debug|Any CPU
		{FEF78813-805C-497E-A5C8-D7EC1A0C019F}.Debug|x64.Build.0 = Debug|Any CPU
		{FEF78813-805C-497E-A5C8-D7EC1A0C019F}.Debug|x64.Deploy.0 = Debug|Any CPU
		{FEF78813-805C-497E-A5C8-D7EC1A0C019F}.Debug|x86.ActiveCfg = Debug|Any CPU
		{FEF78813-805C-497E-A5C8-D7EC1A0C019F}.Debug|x86.Build.0 = Debug|Any CPU
		{FEF78813-805C-497E-A5C8-D7EC1A0C019F}.Debug|x86.Deploy.0 = Debug|Any CPU
		{FEF78813-805C-497E-A5C8-D7EC1A0C019F}.Release|Any CPU.ActiveCfg = Release|Any CPU
		{FEF78813-805C-497E-A5C8-D7EC1A0C019F}.Release|Any CPU.Build.0 = Release|Any CPU
		{FEF78813-805C-497E-A5C8-D7EC1A0C019F}.Release|Any CPU.Deploy.0 = Release|Any CPU
		{FEF78813-805C-497E-A5C8-D7EC1A0C019F}.Release|ARM.ActiveCfg = Release|Any CPU
		{FEF78813-805C-497E-A5C8-D7EC1A0C019F}.Release|ARM.Build.0 = Release|Any CPU
		{FEF78813-805C-497E-A5C8-D7EC1A0C019F}.Release|ARM.Deploy.0 = Release|Any CPU
		{FEF78813-805C-497E-A5C8-D7EC1A0C019F}.Release|iPhone.ActiveCfg = Release|Any CPU
		{FEF78813-805C-497E-A5C8-D7EC1A0C019F}.Release|iPhone.Build.0 = Release|Any CPU
		{FEF78813-805C-497E-A5C8-D7EC1A0C019F}.Release|iPhone.Deploy.0 = Release|Any CPU
		{FEF78813-805C-497E-A5C8-D7EC1A0C019F}.Release|iPhoneSimulator.ActiveCfg = Release|Any CPU
		{FEF78813-805C-497E-A5C8-D7EC1A0C019F}.Release|iPhoneSimulator.Build.0 = Release|Any CPU
		{FEF78813-805C-497E-A5C8-D7EC1A0C019F}.Release|iPhoneSimulator.Deploy.0 = Release|Any CPU
		{FEF78813-805C-497E-A5C8-D7EC1A0C019F}.Release|x64.ActiveCfg = Release|Any CPU
		{FEF78813-805C-497E-A5C8-D7EC1A0C019F}.Release|x64.Build.0 = Release|Any CPU
		{FEF78813-805C-497E-A5C8-D7EC1A0C019F}.Release|x64.Deploy.0 = Release|Any CPU
		{FEF78813-805C-497E-A5C8-D7EC1A0C019F}.Release|x86.ActiveCfg = Release|Any CPU
		{FEF78813-805C-497E-A5C8-D7EC1A0C019F}.Release|x86.Build.0 = Release|Any CPU
		{FEF78813-805C-497E-A5C8-D7EC1A0C019F}.Release|x86.Deploy.0 = Release|Any CPU
		{DB3E681D-F099-443B-B9C8-08750E951B7C}.Debug|Any CPU.ActiveCfg = Debug|iPhoneSimulator
		{DB3E681D-F099-443B-B9C8-08750E951B7C}.Debug|ARM.ActiveCfg = Debug|iPhoneSimulator
		{DB3E681D-F099-443B-B9C8-08750E951B7C}.Debug|iPhone.ActiveCfg = Debug|iPhone
		{DB3E681D-F099-443B-B9C8-08750E951B7C}.Debug|iPhone.Build.0 = Debug|iPhone
		{DB3E681D-F099-443B-B9C8-08750E951B7C}.Debug|iPhoneSimulator.ActiveCfg = Debug|iPhoneSimulator
		{DB3E681D-F099-443B-B9C8-08750E951B7C}.Debug|iPhoneSimulator.Build.0 = Debug|iPhoneSimulator
		{DB3E681D-F099-443B-B9C8-08750E951B7C}.Debug|x64.ActiveCfg = Debug|iPhoneSimulator
		{DB3E681D-F099-443B-B9C8-08750E951B7C}.Debug|x86.ActiveCfg = Debug|iPhoneSimulator
		{DB3E681D-F099-443B-B9C8-08750E951B7C}.Release|Any CPU.ActiveCfg = Release|iPhoneSimulator
		{DB3E681D-F099-443B-B9C8-08750E951B7C}.Release|ARM.ActiveCfg = Release|iPhoneSimulator
		{DB3E681D-F099-443B-B9C8-08750E951B7C}.Release|iPhone.ActiveCfg = Release|iPhone
		{DB3E681D-F099-443B-B9C8-08750E951B7C}.Release|iPhone.Build.0 = Release|iPhone
		{DB3E681D-F099-443B-B9C8-08750E951B7C}.Release|iPhoneSimulator.ActiveCfg = Release|iPhoneSimulator
		{DB3E681D-F099-443B-B9C8-08750E951B7C}.Release|iPhoneSimulator.Build.0 = Release|iPhoneSimulator
		{DB3E681D-F099-443B-B9C8-08750E951B7C}.Release|x64.ActiveCfg = Release|iPhoneSimulator
		{DB3E681D-F099-443B-B9C8-08750E951B7C}.Release|x86.ActiveCfg = Release|iPhoneSimulator
		{0765B30D-AB6C-48A4-B2F7-751B27FFE133}.Debug|Any CPU.ActiveCfg = Debug|Any CPU
		{0765B30D-AB6C-48A4-B2F7-751B27FFE133}.Debug|Any CPU.Build.0 = Debug|Any CPU
		{0765B30D-AB6C-48A4-B2F7-751B27FFE133}.Debug|ARM.ActiveCfg = Debug|Any CPU
		{0765B30D-AB6C-48A4-B2F7-751B27FFE133}.Debug|ARM.Build.0 = Debug|Any CPU
		{0765B30D-AB6C-48A4-B2F7-751B27FFE133}.Debug|iPhone.ActiveCfg = Debug|Any CPU
		{0765B30D-AB6C-48A4-B2F7-751B27FFE133}.Debug|iPhone.Build.0 = Debug|Any CPU
		{0765B30D-AB6C-48A4-B2F7-751B27FFE133}.Debug|iPhoneSimulator.ActiveCfg = Debug|Any CPU
		{0765B30D-AB6C-48A4-B2F7-751B27FFE133}.Debug|iPhoneSimulator.Build.0 = Debug|Any CPU
		{0765B30D-AB6C-48A4-B2F7-751B27FFE133}.Debug|x64.ActiveCfg = Debug|Any CPU
		{0765B30D-AB6C-48A4-B2F7-751B27FFE133}.Debug|x64.Build.0 = Debug|Any CPU
		{0765B30D-AB6C-48A4-B2F7-751B27FFE133}.Debug|x86.ActiveCfg = Debug|Any CPU
		{0765B30D-AB6C-48A4-B2F7-751B27FFE133}.Debug|x86.Build.0 = Debug|Any CPU
		{0765B30D-AB6C-48A4-B2F7-751B27FFE133}.Release|Any CPU.ActiveCfg = Release|Any CPU
		{0765B30D-AB6C-48A4-B2F7-751B27FFE133}.Release|Any CPU.Build.0 = Release|Any CPU
		{0765B30D-AB6C-48A4-B2F7-751B27FFE133}.Release|ARM.ActiveCfg = Release|Any CPU
		{0765B30D-AB6C-48A4-B2F7-751B27FFE133}.Release|ARM.Build.0 = Release|Any CPU
		{0765B30D-AB6C-48A4-B2F7-751B27FFE133}.Release|iPhone.ActiveCfg = Release|Any CPU
		{0765B30D-AB6C-48A4-B2F7-751B27FFE133}.Release|iPhone.Build.0 = Release|Any CPU
		{0765B30D-AB6C-48A4-B2F7-751B27FFE133}.Release|iPhoneSimulator.ActiveCfg = Release|Any CPU
		{0765B30D-AB6C-48A4-B2F7-751B27FFE133}.Release|iPhoneSimulator.Build.0 = Release|Any CPU
		{0765B30D-AB6C-48A4-B2F7-751B27FFE133}.Release|x64.ActiveCfg = Release|Any CPU
		{0765B30D-AB6C-48A4-B2F7-751B27FFE133}.Release|x64.Build.0 = Release|Any CPU
		{0765B30D-AB6C-48A4-B2F7-751B27FFE133}.Release|x86.ActiveCfg = Release|Any CPU
		{0765B30D-AB6C-48A4-B2F7-751B27FFE133}.Release|x86.Build.0 = Release|Any CPU
	EndGlobalSection
	GlobalSection(SolutionProperties) = preSolution
		HideSolutionNode = FALSE
	EndGlobalSection
	GlobalSection(ExtensibilityGlobals) = postSolution
		SolutionGuid = {8C117415-402B-4285-859C-184D1D540B7E}
	EndGlobalSection
EndGlobal
